
Microsoft Visual Studio Solution File, Format Version 12.00
# Visual Studio Version 16
VisualStudioVersion = 16.0.30907.101
MinimumVisualStudioVersion = 10.0.40219.1
Project("{9A19103F-16F7-4668-BE54-9A1E7A4F7556}") = "API_Project", "API_Project\API_Project.csproj", "{67F2F95E-479B-47CC-B81A-2E7F4FF80C06}"
EndProject
Project("{9A19103F-16F7-4668-BE54-9A1E7A4F7556}") = "Frontend", "Frontend\Frontend.csproj", "{61709D31-A2C1-4442-A8DF-CEA5435EC3DC}"
EndProject
Global
	GlobalSection(SolutionConfigurationPlatforms) = preSolution
		Debug|Any CPU = Debug|Any CPU
		Release|Any CPU = Release|Any CPU
	EndGlobalSection
	GlobalSection(ProjectConfigurationPlatforms) = postSolution
		{67F2F95E-479B-47CC-B81A-2E7F4FF80C06}.Debug|Any CPU.ActiveCfg = Debug|Any CPU
		{67F2F95E-479B-47CC-B81A-2E7F4FF80C06}.Debug|Any CPU.Build.0 = Debug|Any CPU
		{67F2F95E-479B-47CC-B81A-2E7F4FF80C06}.Release|Any CPU.ActiveCfg = Release|Any CPU
		{67F2F95E-479B-47CC-B81A-2E7F4FF80C06}.Release|Any CPU.Build.0 = Release|Any CPU
		{61709D31-A2C1-4442-A8DF-CEA5435EC3DC}.Debug|Any CPU.ActiveCfg = Debug|Any CPU
		{61709D31-A2C1-4442-A8DF-CEA5435EC3DC}.Debug|Any CPU.Build.0 = Debug|Any CPU
		{61709D31-A2C1-4442-A8DF-CEA5435EC3DC}.Release|Any CPU.ActiveCfg = Release|Any CPU
		{61709D31-A2C1-4442-A8DF-CEA5435EC3DC}.Release|Any CPU.Build.0 = Release|Any CPU
	EndGlobalSection
	GlobalSection(SolutionProperties) = preSolution
		HideSolutionNode = FALSE
	EndGlobalSection
	GlobalSection(ExtensibilityGlobals) = postSolution
		SolutionGuid = {892CC7F7-D068-41C4-8EE4-6C790C7D0D1F}
	EndGlobalSection
EndGlobal
